
Microsoft Visual Studio Solution File, Format Version 12.00
# Visual Studio Version 16
VisualStudioVersion = 16.0.30717.126
MinimumVisualStudioVersion = 10.0.40219.1
Project("{9A19103F-16F7-4668-BE54-9A1E7A4F7556}") = "AppConfigSettings", "src\AppConfigSettings.csproj", "{2812FBF4-E78E-45F5-B214-26B18C74311B}"
EndProject
Project("{9A19103F-16F7-4668-BE54-9A1E7A4F7556}") = "AppConfigSettingsTests", "AppConfigSettingsTests\AppConfigSettingsTests.csproj", "{94B0D666-93C4-43C3-9442-D7FC4E70A283}"
EndProject
Global
	GlobalSection(SolutionConfigurationPlatforms) = preSolution
		Debug|Any CPU = Debug|Any CPU
		Release|Any CPU = Release|Any CPU
	EndGlobalSection
	GlobalSection(ProjectConfigurationPlatforms) = postSolution
		{2812FBF4-E78E-45F5-B214-26B18C74311B}.Debug|Any CPU.ActiveCfg = Debug|Any CPU
		{2812FBF4-E78E-45F5-B214-26B18C74311B}.Debug|Any CPU.Build.0 = Debug|Any CPU
		{2812FBF4-E78E-45F5-B214-26B18C74311B}.Release|Any CPU.ActiveCfg = Release|Any CPU
		{2812FBF4-E78E-45F5-B214-26B18C74311B}.Release|Any CPU.Build.0 = Release|Any CPU
		{94B0D666-93C4-43C3-9442-D7FC4E70A283}.Debug|Any CPU.ActiveCfg = Debug|Any CPU
		{94B0D666-93C4-43C3-9442-D7FC4E70A283}.Debug|Any CPU.Build.0 = Debug|Any CPU
		{94B0D666-93C4-43C3-9442-D7FC4E70A283}.Release|Any CPU.ActiveCfg = Release|Any CPU
		{94B0D666-93C4-43C3-9442-D7FC4E70A283}.Release|Any CPU.Build.0 = Release|Any CPU
	EndGlobalSection
	GlobalSection(SolutionProperties) = preSolution
		HideSolutionNode = FALSE
	EndGlobalSection
	GlobalSection(ExtensibilityGlobals) = postSolution
		SolutionGuid = {E35A92C3-25D9-47EC-89B3-3730CA85C4BB}
	EndGlobalSection
EndGlobal
